
Microsoft Visual Studio Solution File, Format Version 12.00
# Visual Studio Version 17
VisualStudioVersion = 17.3.32901.215
MinimumVisualStudioVersion = 10.0.40219.1
Project("{FAE04EC0-301F-11D3-BF4B-00C04F79EFBC}") = "UHClase2", "UHClase2.csproj", "{9B2F04B5-415A-43F6-B4B8-632652F1C0EB}"
EndProject
Global
	GlobalSection(SolutionConfigurationPlatforms) = preSolution
		Debug|Any CPU = Debug|Any CPU
		Release|Any CPU = Release|Any CPU
	EndGlobalSection
	GlobalSection(ProjectConfigurationPlatforms) = postSolution
		{9B2F04B5-415A-43F6-B4B8-632652F1C0EB}.Debug|Any CPU.ActiveCfg = Debug|Any CPU
		{9B2F04B5-415A-43F6-B4B8-632652F1C0EB}.Debug|Any CPU.Build.0 = Debug|Any CPU
		{9B2F04B5-415A-43F6-B4B8-632652F1C0EB}.Release|Any CPU.ActiveCfg = Release|Any CPU
		{9B2F04B5-415A-43F6-B4B8-632652F1C0EB}.Release|Any CPU.Build.0 = Release|Any CPU
	EndGlobalSection
	GlobalSection(SolutionProperties) = preSolution
		HideSolutionNode = FALSE
	EndGlobalSection
	GlobalSection(ExtensibilityGlobals) = postSolution
		SolutionGuid = {5844B383-4A1D-4CD6-8FF8-70C37E3D15CB}
	EndGlobalSection
EndGlobal
