
Microsoft Visual Studio Solution File, Format Version 12.00
# Visual Studio Version 17
VisualStudioVersion = 17.3.32922.545
MinimumVisualStudioVersion = 10.0.40219.1
Project("{FAE04EC0-301F-11D3-BF4B-00C04F79EFBC}") = "UHClase3", "UHClase3.csproj", "{994E8FDA-133B-4269-8B41-40BDFB613E60}"
EndProject
Global
	GlobalSection(SolutionConfigurationPlatforms) = preSolution
		Debug|Any CPU = Debug|Any CPU
		Release|Any CPU = Release|Any CPU
	EndGlobalSection
	GlobalSection(ProjectConfigurationPlatforms) = postSolution
		{994E8FDA-133B-4269-8B41-40BDFB613E60}.Debug|Any CPU.ActiveCfg = Debug|Any CPU
		{994E8FDA-133B-4269-8B41-40BDFB613E60}.Debug|Any CPU.Build.0 = Debug|Any CPU
		{994E8FDA-133B-4269-8B41-40BDFB613E60}.Release|Any CPU.ActiveCfg = Release|Any CPU
		{994E8FDA-133B-4269-8B41-40BDFB613E60}.Release|Any CPU.Build.0 = Release|Any CPU
	EndGlobalSection
	GlobalSection(SolutionProperties) = preSolution
		HideSolutionNode = FALSE
	EndGlobalSection
	GlobalSection(ExtensibilityGlobals) = postSolution
		SolutionGuid = {5C8B8EAE-DD89-47B5-BDAF-B96324B31D0B}
	EndGlobalSection
EndGlobal
